
Microsoft Visual Studio Solution File, Format Version 12.00
# Visual Studio Version 17
VisualStudioVersion = 17.10.35027.167
MinimumVisualStudioVersion = 10.0.40219.1
Project("{9A19103F-16F7-4668-BE54-9A1E7A4F7556}") = "Wistellar.Server", "Wistellar.Server\Wistellar.Server.csproj", "{D3775B6F-2A91-4493-B0E2-0530EDA54450}"
	ProjectSection(ProjectDependencies) = postProject
		{7A229A7C-5D6E-4C7F-91DA-727906C6F9D4} = {7A229A7C-5D6E-4C7F-91DA-727906C6F9D4}
	EndProjectSection
EndProject
Project("{9A19103F-16F7-4668-BE54-9A1E7A4F7556}") = "Wistellar.Core", "Wistellar.Core\Wistellar.Core.csproj", "{7A229A7C-5D6E-4C7F-91DA-727906C6F9D4}"
EndProject
Project("{54A90642-561A-4BB1-A94E-469ADEE60C69}") = "Wistellar.Frontend", "Wistellar.Frontend\Wistellar.Frontend.esproj", "{3FAD06B3-9F65-470A-86F9-189D257C455D}"
EndProject
Global
	GlobalSection(SolutionConfigurationPlatforms) = preSolution
		Debug|Any CPU = Debug|Any CPU
		Release|Any CPU = Release|Any CPU
	EndGlobalSection
	GlobalSection(ProjectConfigurationPlatforms) = postSolution
		{D3775B6F-2A91-4493-B0E2-0530EDA54450}.Debug|Any CPU.ActiveCfg = Debug|Any CPU
		{D3775B6F-2A91-4493-B0E2-0530EDA54450}.Debug|Any CPU.Build.0 = Debug|Any CPU
		{D3775B6F-2A91-4493-B0E2-0530EDA54450}.Release|Any CPU.ActiveCfg = Release|Any CPU
		{D3775B6F-2A91-4493-B0E2-0530EDA54450}.Release|Any CPU.Build.0 = Release|Any CPU
		{7A229A7C-5D6E-4C7F-91DA-727906C6F9D4}.Debug|Any CPU.ActiveCfg = Debug|Any CPU
		{7A229A7C-5D6E-4C7F-91DA-727906C6F9D4}.Debug|Any CPU.Build.0 = Debug|Any CPU
		{7A229A7C-5D6E-4C7F-91DA-727906C6F9D4}.Release|Any CPU.ActiveCfg = Release|Any CPU
		{7A229A7C-5D6E-4C7F-91DA-727906C6F9D4}.Release|Any CPU.Build.0 = Release|Any CPU
		{3FAD06B3-9F65-470A-86F9-189D257C455D}.Debug|Any CPU.ActiveCfg = Debug|Any CPU
		{3FAD06B3-9F65-470A-86F9-189D257C455D}.Debug|Any CPU.Build.0 = Debug|Any CPU
		{3FAD06B3-9F65-470A-86F9-189D257C455D}.Debug|Any CPU.Deploy.0 = Debug|Any CPU
		{3FAD06B3-9F65-470A-86F9-189D257C455D}.Release|Any CPU.ActiveCfg = Release|Any CPU
		{3FAD06B3-9F65-470A-86F9-189D257C455D}.Release|Any CPU.Build.0 = Release|Any CPU
		{3FAD06B3-9F65-470A-86F9-189D257C455D}.Release|Any CPU.Deploy.0 = Release|Any CPU
	EndGlobalSection
	GlobalSection(SolutionProperties) = preSolution
		HideSolutionNode = FALSE
	EndGlobalSection
	GlobalSection(ExtensibilityGlobals) = postSolution
		SolutionGuid = {E11F54C6-0120-4C48-AE93-CBB8D4BF595A}
	EndGlobalSection
EndGlobal
